
Microsoft Visual Studio Solution File, Format Version 12.00
# Visual Studio Version 17
VisualStudioVersion = 17.11.35327.3
MinimumVisualStudioVersion = 10.0.40219.1
Project("{FAE04EC0-301F-11D3-BF4B-00C04F79EFBC}") = "01. OddLines", "01. OddLines\01. OddLines.csproj", "{B7BB6AB0-9E52-4183-8BC6-EC705B69559E}"
EndProject
Project("{FAE04EC0-301F-11D3-BF4B-00C04F79EFBC}") = "02. LineNumbers", "02. LineNumbers\02. LineNumbers.csproj", "{191E6BBD-8CC3-496B-9B4C-009CC4417C28}"
EndProject
Project("{FAE04EC0-301F-11D3-BF4B-00C04F79EFBC}") = "03. WordCount", "03. WordCount\03. WordCount.csproj", "{5EF53A52-5CAF-4895-8D30-CE9A40816744}"
EndProject
Project("{FAE04EC0-301F-11D3-BF4B-00C04F79EFBC}") = "04. MergeTextFiles", "04. MergeTextFiles\04. MergeTextFiles.csproj", "{051EE542-C2B0-4B5D-A617-4040FBE6F9CE}"
EndProject
Project("{FAE04EC0-301F-11D3-BF4B-00C04F79EFBC}") = "05. EvenLines", "05. EvenLines\05. EvenLines.csproj", "{5B3B63EF-656F-46FB-BCB6-C7034C4CAAD7}"
EndProject
Global
	GlobalSection(SolutionConfigurationPlatforms) = preSolution
		Debug|Any CPU = Debug|Any CPU
		Release|Any CPU = Release|Any CPU
	EndGlobalSection
	GlobalSection(ProjectConfigurationPlatforms) = postSolution
		{B7BB6AB0-9E52-4183-8BC6-EC705B69559E}.Debug|Any CPU.ActiveCfg = Debug|Any CPU
		{B7BB6AB0-9E52-4183-8BC6-EC705B69559E}.Debug|Any CPU.Build.0 = Debug|Any CPU
		{B7BB6AB0-9E52-4183-8BC6-EC705B69559E}.Release|Any CPU.ActiveCfg = Release|Any CPU
		{B7BB6AB0-9E52-4183-8BC6-EC705B69559E}.Release|Any CPU.Build.0 = Release|Any CPU
		{191E6BBD-8CC3-496B-9B4C-009CC4417C28}.Debug|Any CPU.ActiveCfg = Debug|Any CPU
		{191E6BBD-8CC3-496B-9B4C-009CC4417C28}.Debug|Any CPU.Build.0 = Debug|Any CPU
		{191E6BBD-8CC3-496B-9B4C-009CC4417C28}.Release|Any CPU.ActiveCfg = Release|Any CPU
		{191E6BBD-8CC3-496B-9B4C-009CC4417C28}.Release|Any CPU.Build.0 = Release|Any CPU
		{5EF53A52-5CAF-4895-8D30-CE9A40816744}.Debug|Any CPU.ActiveCfg = Debug|Any CPU
		{5EF53A52-5CAF-4895-8D30-CE9A40816744}.Debug|Any CPU.Build.0 = Debug|Any CPU
		{5EF53A52-5CAF-4895-8D30-CE9A40816744}.Release|Any CPU.ActiveCfg = Release|Any CPU
		{5EF53A52-5CAF-4895-8D30-CE9A40816744}.Release|Any CPU.Build.0 = Release|Any CPU
		{051EE542-C2B0-4B5D-A617-4040FBE6F9CE}.Debug|Any CPU.ActiveCfg = Debug|Any CPU
		{051EE542-C2B0-4B5D-A617-4040FBE6F9CE}.Debug|Any CPU.Build.0 = Debug|Any CPU
		{051EE542-C2B0-4B5D-A617-4040FBE6F9CE}.Release|Any CPU.ActiveCfg = Release|Any CPU
		{051EE542-C2B0-4B5D-A617-4040FBE6F9CE}.Release|Any CPU.Build.0 = Release|Any CPU
		{5B3B63EF-656F-46FB-BCB6-C7034C4CAAD7}.Debug|Any CPU.ActiveCfg = Debug|Any CPU
		{5B3B63EF-656F-46FB-BCB6-C7034C4CAAD7}.Debug|Any CPU.Build.0 = Debug|Any CPU
		{5B3B63EF-656F-46FB-BCB6-C7034C4CAAD7}.Release|Any CPU.ActiveCfg = Release|Any CPU
		{5B3B63EF-656F-46FB-BCB6-C7034C4CAAD7}.Release|Any CPU.Build.0 = Release|Any CPU
	EndGlobalSection
	GlobalSection(SolutionProperties) = preSolution
		HideSolutionNode = FALSE
	EndGlobalSection
	GlobalSection(ExtensibilityGlobals) = postSolution
		SolutionGuid = {78D3D3E2-68C0-4F28-94BE-8A00F1A30FB7}
	EndGlobalSection
EndGlobal
